// !$*UTF8*$!
{
	archiveVersion = 1;
	classes = {
	};
	objectVersion = 46;
	objects = {

/* Begin PBXBuildFile section */
		848B1AEA1B1A34BC00C40CCE /* Earth.jpg in Resources */ = {isa = PBXBuildFile; fileRef = 848B1AE71B1A34BC00C40CCE /* Earth.jpg */; };
		848B1AEB1B1A34BC00C40CCE /* EinsteinRing.jpg in Resources */ = {isa = PBXBuildFile; fileRef = 848B1AE81B1A34BC00C40CCE /* EinsteinRing.jpg */; };
		848B1AEC1B1A34BC00C40CCE /* Jupiter.jpg in Resources */ = {isa = PBXBuildFile; fileRef = 848B1AE91B1A34BC00C40CCE /* Jupiter.jpg */; };
		848B1AF01B1A34D600C40CCE /* Mars.jpg in Resources */ = {isa = PBXBuildFile; fileRef = 848B1AED1B1A34D600C40CCE /* Mars.jpg */; };
		848B1AF11B1A34D600C40CCE /* Mercury.jpg in Resources */ = {isa = PBXBuildFile; fileRef = 848B1AEE1B1A34D600C40CCE /* Mercury.jpg */; };
		848B1AF21B1A34D600C40CCE /* Neptune.jpg in Resources */ = {isa = PBXBuildFile; fileRef = 848B1AEF1B1A34D600C40CCE /* Neptune.jpg */; };
		848B1AF71B1A34EC00C40CCE /* Orion.jpg in Resources */ = {isa = PBXBuildFile; fileRef = 848B1AF31B1A34EC00C40CCE /* Orion.jpg */; };
		848B1AF81B1A34EC00C40CCE /* Saturn.jpg in Resources */ = {isa = PBXBuildFile; fileRef = 848B1AF41B1A34EC00C40CCE /* Saturn.jpg */; };
		848B1AF91B1A34EC00C40CCE /* Uranus.jpg in Resources */ = {isa = PBXBuildFile; fileRef = 848B1AF51B1A34EC00C40CCE /* Uranus.jpg */; };
		848B1AFA1B1A34EC00C40CCE /* Venus.jpg in Resources */ = {isa = PBXBuildFile; fileRef = 848B1AF61B1A34EC00C40CCE /* Venus.jpg */; };
		848B1AFD1B1A355400C40CCE /* SpaceObject.m in Sources */ = {isa = PBXBuildFile; fileRef = 848B1AFC1B1A355400C40CCE /* SpaceObject.m */; };
		848B1B001B1A425200C40CCE /* SpaceImageViewController.m in Sources */ = {isa = PBXBuildFile; fileRef = 848B1AFF1B1A425200C40CCE /* SpaceImageViewController.m */; };
		848B1B031B1A4DDA00C40CCE /* SpaceDataViewController.m in Sources */ = {isa = PBXBuildFile; fileRef = 848B1B021B1A4DDA00C40CCE /* SpaceDataViewController.m */; };
		848B1B061B1A712A00C40CCE /* AddSpaceObjectViewController.m in Sources */ = {isa = PBXBuildFile; fileRef = 848B1B051B1A712A00C40CCE /* AddSpaceObjectViewController.m */; };
		84DFAF381B16E7A600F8DF44 /* main.m in Sources */ = {isa = PBXBuildFile; fileRef = 84DFAF371B16E7A600F8DF44 /* main.m */; };
		84DFAF3B1B16E7A600F8DF44 /* AppDelegate.m in Sources */ = {isa = PBXBuildFile; fileRef = 84DFAF3A1B16E7A600F8DF44 /* AppDelegate.m */; };
		84DFAF3E1B16E7A600F8DF44 /* Out_of_this_World.xcdatamodeld in Sources */ = {isa = PBXBuildFile; fileRef = 84DFAF3C1B16E7A600F8DF44 /* Out_of_this_World.xcdatamodeld */; };
		84DFAF441B16E7A600F8DF44 /* Main.storyboard in Resources */ = {isa = PBXBuildFile; fileRef = 84DFAF421B16E7A600F8DF44 /* Main.storyboard */; };
		84DFAF461B16E7A600F8DF44 /* Images.xcassets in Resources */ = {isa = PBXBuildFile; fileRef = 84DFAF451B16E7A600F8DF44 /* Images.xcassets */; };
		84DFAF491B16E7A600F8DF44 /* LaunchScreen.xib in Resources */ = {isa = PBXBuildFile; fileRef = 84DFAF471B16E7A600F8DF44 /* LaunchScreen.xib */; };
		84DFAF551B16E7A600F8DF44 /* Out_of_this_WorldTests.m in Sources */ = {isa = PBXBuildFile; fileRef = 84DFAF541B16E7A600F8DF44 /* Out_of_this_WorldTests.m */; };
		84DFAF601B16EBF200F8DF44 /* OuterSpaceTableViewController.m in Sources */ = {isa = PBXBuildFile; fileRef = 84DFAF5F1B16EBF200F8DF44 /* OuterSpaceTableViewController.m */; };
		84DFAF631B16F43500F8DF44 /* AstronomicalData.m in Sources */ = {isa = PBXBuildFile; fileRef = 84DFAF621B16F43500F8DF44 /* AstronomicalData.m */; };
/* End PBXBuildFile section */

/* Begin PBXContainerItemProxy section */
		84DFAF4F1B16E7A600F8DF44 /* PBXContainerItemProxy */ = {
			isa = PBXContainerItemProxy;
			containerPortal = 84DFAF2A1B16E7A600F8DF44 /* Project object */;
			proxyType = 1;
			remoteGlobalIDString = 84DFAF311B16E7A600F8DF44;
			remoteInfo = "Out of this World";
		};
/* End PBXContainerItemProxy section */

/* Begin PBXFileReference section */
		848B1AE71B1A34BC00C40CCE /* Earth.jpg */ = {isa = PBXFileReference; lastKnownFileType = image.jpeg; path = Earth.jpg; sourceTree = "<group>"; };
		848B1AE81B1A34BC00C40CCE /* EinsteinRing.jpg */ = {isa = PBXFileReference; lastKnownFileType = image.jpeg; path = EinsteinRing.jpg; sourceTree = "<group>"; };
		848B1AE91B1A34BC00C40CCE /* Jupiter.jpg */ = {isa = PBXFileReference; lastKnownFileType = image.jpeg; path = Jupiter.jpg; sourceTree = "<group>"; };
		848B1AED1B1A34D600C40CCE /* Mars.jpg */ = {isa = PBXFileReference; lastKnownFileType = image.jpeg; path = Mars.jpg; sourceTree = "<group>"; };
		848B1AEE1B1A34D600C40CCE /* Mercury.jpg */ = {isa = PBXFileReference; lastKnownFileType = image.jpeg; path = Mercury.jpg; sourceTree = "<group>"; };
		848B1AEF1B1A34D600C40CCE /* Neptune.jpg */ = {isa = PBXFileReference; lastKnownFileType = image.jpeg; path = Neptune.jpg; sourceTree = "<group>"; };
		848B1AF31B1A34EC00C40CCE /* Orion.jpg */ = {isa = PBXFileReference; lastKnownFileType = image.jpeg; path = Orion.jpg; sourceTree = "<group>"; };
		848B1AF41B1A34EC00C40CCE /* Saturn.jpg */ = {isa = PBXFileReference; lastKnownFileType = image.jpeg; path = Saturn.jpg; sourceTree = "<group>"; };
		848B1AF51B1A34EC00C40CCE /* Uranus.jpg */ = {isa = PBXFileReference; lastKnownFileType = image.jpeg; path = Uranus.jpg; sourceTree = "<group>"; };
		848B1AF61B1A34EC00C40CCE /* Venus.jpg */ = {isa = PBXFileReference; lastKnownFileType = image.jpeg; path = Venus.jpg; sourceTree = "<group>"; };
		848B1AFB1B1A355400C40CCE /* SpaceObject.h */ = {isa = PBXFileReference; fileEncoding = 4; lastKnownFileType = sourcecode.c.h; path = SpaceObject.h; sourceTree = "<group>"; };
		848B1AFC1B1A355400C40CCE /* SpaceObject.m */ = {isa = PBXFileReference; fileEncoding = 4; lastKnownFileType = sourcecode.c.objc; path = SpaceObject.m; sourceTree = "<group>"; };
		848B1AFE1B1A425200C40CCE /* SpaceImageViewController.h */ = {isa = PBXFileReference; fileEncoding = 4; lastKnownFileType = sourcecode.c.h; path = SpaceImageViewController.h; sourceTree = "<group>"; };
		848B1AFF1B1A425200C40CCE /* SpaceImageViewController.m */ = {isa = PBXFileReference; fileEncoding = 4; lastKnownFileType = sourcecode.c.objc; path = SpaceImageViewController.m; sourceTree = "<group>"; };
		848B1B011B1A4DDA00C40CCE /* SpaceDataViewController.h */ = {isa = PBXFileReference; fileEncoding = 4; lastKnownFileType = sourcecode.c.h; path = SpaceDataViewController.h; sourceTree = "<group>"; };
		848B1B021B1A4DDA00C40CCE /* SpaceDataViewController.m */ = {isa = PBXFileReference; fileEncoding = 4; lastKnownFileType = sourcecode.c.objc; path = SpaceDataViewController.m; sourceTree = "<group>"; };
		848B1B041B1A712900C40CCE /* AddSpaceObjectViewController.h */ = {isa = PBXFileReference; fileEncoding = 4; lastKnownFileType = sourcecode.c.h; path = AddSpaceObjectViewController.h; sourceTree = "<group>"; };
		848B1B051B1A712A00C40CCE /* AddSpaceObjectViewController.m */ = {isa = PBXFileReference; fileEncoding = 4; lastKnownFileType = sourcecode.c.objc; path = AddSpaceObjectViewController.m; sourceTree = "<group>"; };
		84DFAF321B16E7A600F8DF44 /* Out of this World.app */ = {isa = PBXFileReference; explicitFileType = wrapper.application; includeInIndex = 0; path = "Out of this World.app"; sourceTree = BUILT_PRODUCTS_DIR; };
		84DFAF361B16E7A600F8DF44 /* Info.plist */ = {isa = PBXFileReference; lastKnownFileType = text.plist.xml; path = Info.plist; sourceTree = "<group>"; };
		84DFAF371B16E7A600F8DF44 /* main.m */ = {isa = PBXFileReference; lastKnownFileType = sourcecode.c.objc; path = main.m; sourceTree = "<group>"; };
		84DFAF391B16E7A600F8DF44 /* AppDelegate.h */ = {isa = PBXFileReference; lastKnownFileType = sourcecode.c.h; path = AppDelegate.h; sourceTree = "<group>"; };
		84DFAF3A1B16E7A600F8DF44 /* AppDelegate.m */ = {isa = PBXFileReference; lastKnownFileType = sourcecode.c.objc; path = AppDelegate.m; sourceTree = "<group>"; };
		84DFAF3D1B16E7A600F8DF44 /* Out_of_this_World.xcdatamodel */ = {isa = PBXFileReference; lastKnownFileType = wrapper.xcdatamodel; path = Out_of_this_World.xcdatamodel; sourceTree = "<group>"; };
		84DFAF431B16E7A600F8DF44 /* Base */ = {isa = PBXFileReference; lastKnownFileType = file.storyboard; name = Base; path = Base.lproj/Main.storyboard; sourceTree = "<group>"; };
		84DFAF451B16E7A600F8DF44 /* Images.xcassets */ = {isa = PBXFileReference; lastKnownFileType = folder.assetcatalog; path = Images.xcassets; sourceTree = "<group>"; };
		84DFAF481B16E7A600F8DF44 /* Base */ = {isa = PBXFileReference; lastKnownFileType = file.xib; name = Base; path = Base.lproj/LaunchScreen.xib; sourceTree = "<group>"; };
		84DFAF4E1B16E7A600F8DF44 /* Out of this WorldTests.xctest */ = {isa = PBXFileReference; explicitFileType = wrapper.cfbundle; includeInIndex = 0; path = "Out of this WorldTests.xctest"; sourceTree = BUILT_PRODUCTS_DIR; };
		84DFAF531B16E7A600F8DF44 /* Info.plist */ = {isa = PBXFileReference; lastKnownFileType = text.plist.xml; path = Info.plist; sourceTree = "<group>"; };
		84DFAF541B16E7A600F8DF44 /* Out_of_this_WorldTests.m */ = {isa = PBXFileReference; lastKnownFileType = sourcecode.c.objc; path = Out_of_this_WorldTests.m; sourceTree = "<group>"; };
		84DFAF5E1B16EBF200F8DF44 /* OuterSpaceTableViewController.h */ = {isa = PBXFileReference; fileEncoding = 4; lastKnownFileType = sourcecode.c.h; name = OuterSpaceTableViewController.h; path = ../OuterSpaceTableViewController.h; sourceTree = "<group>"; };
		84DFAF5F1B16EBF200F8DF44 /* OuterSpaceTableViewController.m */ = {isa = PBXFileReference; fileEncoding = 4; lastKnownFileType = sourcecode.c.objc; name = OuterSpaceTableViewController.m; path = ../OuterSpaceTableViewController.m; sourceTree = "<group>"; };
		84DFAF611B16F43500F8DF44 /* AstronomicalData.h */ = {isa = PBXFileReference; fileEncoding = 4; lastKnownFileType = sourcecode.c.h; path = AstronomicalData.h; sourceTree = "<group>"; };
		84DFAF621B16F43500F8DF44 /* AstronomicalData.m */ = {isa = PBXFileReference; fileEncoding = 4; lastKnownFileType = sourcecode.c.objc; path = AstronomicalData.m; sourceTree = "<group>"; };
/* End PBXFileReference section */

/* Begin PBXFrameworksBuildPhase section */
		84DFAF2F1B16E7A600F8DF44 /* Frameworks */ = {
			isa = PBXFrameworksBuildPhase;
			buildActionMask = 2147483647;
			files = (
			);
			runOnlyForDeploymentPostprocessing = 0;
		};
		84DFAF4B1B16E7A600F8DF44 /* Frameworks */ = {
			isa = PBXFrameworksBuildPhase;
			buildActionMask = 2147483647;
			files = (
			);
			runOnlyForDeploymentPostprocessing = 0;
		};
/* End PBXFrameworksBuildPhase section */

/* Begin PBXGroup section */
		84DFAF291B16E7A600F8DF44 = {
			isa = PBXGroup;
			children = (
				84DFAF341B16E7A600F8DF44 /* Out of this World */,
				84DFAF511B16E7A600F8DF44 /* Out of this WorldTests */,
				84DFAF331B16E7A600F8DF44 /* Products */,
			);
			sourceTree = "<group>";
		};
		84DFAF331B16E7A600F8DF44 /* Products */ = {
			isa = PBXGroup;
			children = (
				84DFAF321B16E7A600F8DF44 /* Out of this World.app */,
				84DFAF4E1B16E7A600F8DF44 /* Out of this WorldTests.xctest */,
			);
			name = Products;
			sourceTree = "<group>";
		};
		84DFAF341B16E7A600F8DF44 /* Out of this World */ = {
			isa = PBXGroup;
			children = (
				848B1AF31B1A34EC00C40CCE /* Orion.jpg */,
				848B1AF41B1A34EC00C40CCE /* Saturn.jpg */,
				848B1AF51B1A34EC00C40CCE /* Uranus.jpg */,
				848B1AF61B1A34EC00C40CCE /* Venus.jpg */,
				848B1AED1B1A34D600C40CCE /* Mars.jpg */,
				848B1AEE1B1A34D600C40CCE /* Mercury.jpg */,
				848B1AEF1B1A34D600C40CCE /* Neptune.jpg */,
				848B1AE71B1A34BC00C40CCE /* Earth.jpg */,
				848B1AE81B1A34BC00C40CCE /* EinsteinRing.jpg */,
				848B1AE91B1A34BC00C40CCE /* Jupiter.jpg */,
				84DFAF5E1B16EBF200F8DF44 /* OuterSpaceTableViewController.h */,
				84DFAF5F1B16EBF200F8DF44 /* OuterSpaceTableViewController.m */,
				848B1AFB1B1A355400C40CCE /* SpaceObject.h */,
				848B1AFC1B1A355400C40CCE /* SpaceObject.m */,
				84DFAF391B16E7A600F8DF44 /* AppDelegate.h */,
				84DFAF3A1B16E7A600F8DF44 /* AppDelegate.m */,
				84DFAF421B16E7A600F8DF44 /* Main.storyboard */,
				848B1B041B1A712900C40CCE /* AddSpaceObjectViewController.h */,
				848B1B051B1A712A00C40CCE /* AddSpaceObjectViewController.m */,
				848B1B011B1A4DDA00C40CCE /* SpaceDataViewController.h */,
				848B1B021B1A4DDA00C40CCE /* SpaceDataViewController.m */,
				848B1AFE1B1A425200C40CCE /* SpaceImageViewController.h */,
				848B1AFF1B1A425200C40CCE /* SpaceImageViewController.m */,
				84DFAF451B16E7A600F8DF44 /* Images.xcassets */,
				84DFAF471B16E7A600F8DF44 /* LaunchScreen.xib */,
				84DFAF3C1B16E7A600F8DF44 /* Out_of_this_World.xcdatamodeld */,
				84DFAF351B16E7A600F8DF44 /* Supporting Files */,
			);
			path = "Out of this World";
			sourceTree = "<group>";
		};
		84DFAF351B16E7A600F8DF44 /* Supporting Files */ = {
			isa = PBXGroup;
			children = (
				84DFAF611B16F43500F8DF44 /* AstronomicalData.h */,
				84DFAF621B16F43500F8DF44 /* AstronomicalData.m */,
				84DFAF361B16E7A600F8DF44 /* Info.plist */,
				84DFAF371B16E7A600F8DF44 /* main.m */,
			);
			name = "Supporting Files";
			sourceTree = "<group>";
		};
		84DFAF511B16E7A600F8DF44 /* Out of this WorldTests */ = {
			isa = PBXGroup;
			children = (
				84DFAF541B16E7A600F8DF44 /* Out_of_this_WorldTests.m */,
				84DFAF521B16E7A600F8DF44 /* Supporting Files */,
			);
			path = "Out of this WorldTests";
			sourceTree = "<group>";
		};
		84DFAF521B16E7A600F8DF44 /* Supporting Files */ = {
			isa = PBXGroup;
			children = (
				84DFAF531B16E7A600F8DF44 /* Info.plist */,
			);
			name = "Supporting Files";
			sourceTree = "<group>";
		};
/* End PBXGroup section */

/* Begin PBXNativeTarget section */
		84DFAF311B16E7A600F8DF44 /* Out of this World */ = {
			isa = PBXNativeTarget;
			buildConfigurationList = 84DFAF581B16E7A600F8DF44 /* Build configuration list for PBXNativeTarget "Out of this World" */;
			buildPhases = (
				84DFAF2E1B16E7A600F8DF44 /* Sources */,
				84DFAF2F1B16E7A600F8DF44 /* Frameworks */,
				84DFAF301B16E7A600F8DF44 /* Resources */,
			);
			buildRules = (
			);
			dependencies = (
			);
			name = "Out of this World";
			productName = "Out of this World";
			productReference = 84DFAF321B16E7A600F8DF44 /* Out of this World.app */;
			productType = "com.apple.product-type.application";
		};
		84DFAF4D1B16E7A600F8DF44 /* Out of this WorldTests */ = {
			isa = PBXNativeTarget;
			buildConfigurationList = 84DFAF5B1B16E7A600F8DF44 /* Build configuration list for PBXNativeTarget "Out of this WorldTests" */;
			buildPhases = (
				84DFAF4A1B16E7A600F8DF44 /* Sources */,
				84DFAF4B1B16E7A600F8DF44 /* Frameworks */,
				84DFAF4C1B16E7A600F8DF44 /* Resources */,
			);
			buildRules = (
			);
			dependencies = (
				84DFAF501B16E7A600F8DF44 /* PBXTargetDependency */,
			);
			name = "Out of this WorldTests";
			productName = "Out of this WorldTests";
			productReference = 84DFAF4E1B16E7A600F8DF44 /* Out of this WorldTests.xctest */;
			productType = "com.apple.product-type.bundle.unit-test";
		};
/* End PBXNativeTarget section */

/* Begin PBXProject section */
		84DFAF2A1B16E7A600F8DF44 /* Project object */ = {
			isa = PBXProject;
			attributes = {
				LastUpgradeCheck = 0620;
				ORGANIZATIONNAME = ViswanthWorks;
				TargetAttributes = {
					84DFAF311B16E7A600F8DF44 = {
						CreatedOnToolsVersion = 6.2;
						DevelopmentTeam = 5F8N7GCJAG;
					};
					84DFAF4D1B16E7A600F8DF44 = {
						CreatedOnToolsVersion = 6.2;
						TestTargetID = 84DFAF311B16E7A600F8DF44;
					};
				};
			};
			buildConfigurationList = 84DFAF2D1B16E7A600F8DF44 /* Build configuration list for PBXProject "Out of this World" */;
			compatibilityVersion = "Xcode 3.2";
			developmentRegion = English;
			hasScannedForEncodings = 0;
			knownRegions = (
				en,
				Base,
			);
			mainGroup = 84DFAF291B16E7A600F8DF44;
			productRefGroup = 84DFAF331B16E7A600F8DF44 /* Products */;
			projectDirPath = "";
			projectRoot = "";
			targets = (
				84DFAF311B16E7A600F8DF44 /* Out of this World */,
				84DFAF4D1B16E7A600F8DF44 /* Out of this WorldTests */,
			);
		};
/* End PBXProject section */

/* Begin PBXResourcesBuildPhase section */
		84DFAF301B16E7A600F8DF44 /* Resources */ = {
			isa = PBXResourcesBuildPhase;
			buildActionMask = 2147483647;
			files = (
				848B1AEA1B1A34BC00C40CCE /* Earth.jpg in Resources */,
				848B1AFA1B1A34EC00C40CCE /* Venus.jpg in Resources */,
				848B1AF11B1A34D600C40CCE /* Mercury.jpg in Resources */,
				848B1AF81B1A34EC00C40CCE /* Saturn.jpg in Resources */,
				848B1AF91B1A34EC00C40CCE /* Uranus.jpg in Resources */,
				84DFAF441B16E7A600F8DF44 /* Main.storyboard in Resources */,
				848B1AF21B1A34D600C40CCE /* Neptune.jpg in Resources */,
				848B1AF01B1A34D600C40CCE /* Mars.jpg in Resources */,
				84DFAF491B16E7A600F8DF44 /* LaunchScreen.xib in Resources */,
				84DFAF461B16E7A600F8DF44 /* Images.xcassets in Resources */,
				848B1AEB1B1A34BC00C40CCE /* EinsteinRing.jpg in Resources */,
				848B1AEC1B1A34BC00C40CCE /* Jupiter.jpg in Resources */,
				848B1AF71B1A34EC00C40CCE /* Orion.jpg in Resources */,
			);
			runOnlyForDeploymentPostprocessing = 0;
		};
		84DFAF4C1B16E7A600F8DF44 /* Resources */ = {
			isa = PBXResourcesBuildPhase;
			buildActionMask = 2147483647;
			files = (
			);
			runOnlyForDeploymentPostprocessing = 0;
		};
/* End PBXResourcesBuildPhase section */

/* Begin PBXSourcesBuildPhase section */
		84DFAF2E1B16E7A600F8DF44 /* Sources */ = {
			isa = PBXSourcesBuildPhase;
			buildActionMask = 2147483647;
			files = (
				84DFAF631B16F43500F8DF44 /* AstronomicalData.m in Sources */,
				848B1B061B1A712A00C40CCE /* AddSpaceObjectViewController.m in Sources */,
				848B1B031B1A4DDA00C40CCE /* SpaceDataViewController.m in Sources */,
				848B1AFD1B1A355400C40CCE /* SpaceObject.m in Sources */,
				848B1B001B1A425200C40CCE /* SpaceImageViewController.m in Sources */,
				84DFAF601B16EBF200F8DF44 /* OuterSpaceTableViewController.m in Sources */,
				84DFAF3B1B16E7A600F8DF44 /* AppDelegate.m in Sources */,
				84DFAF3E1B16E7A600F8DF44 /* Out_of_this_World.xcdatamodeld in Sources */,
				84DFAF381B16E7A600F8DF44 /* main.m in Sources */,
			);
			runOnlyForDeploymentPostprocessing = 0;
		};
		84DFAF4A1B16E7A600F8DF44 /* Sources */ = {
			isa = PBXSourcesBuildPhase;
			buildActionMask = 2147483647;
			files = (
				84DFAF551B16E7A600F8DF44 /* Out_of_this_WorldTests.m in Sources */,
			);
			runOnlyForDeploymentPostprocessing = 0;
		};
/* End PBXSourcesBuildPhase section */

/* Begin PBXTargetDependency section */
		84DFAF501B16E7A600F8DF44 /* PBXTargetDependency */ = {
			isa = PBXTargetDependency;
			target = 84DFAF311B16E7A600F8DF44 /* Out of this World */;
			targetProxy = 84DFAF4F1B16E7A600F8DF44 /* PBXContainerItemProxy */;
		};
/* End PBXTargetDependency section */

/* Begin PBXVariantGroup section */
		84DFAF421B16E7A600F8DF44 /* Main.storyboard */ = {
			isa = PBXVariantGroup;
			children = (
				84DFAF431B16E7A600F8DF44 /* Base */,
			);
			name = Main.storyboard;
			sourceTree = "<group>";
		};
		84DFAF471B16E7A600F8DF44 /* LaunchScreen.xib */ = {
			isa = PBXVariantGroup;
			children = (
				84DFAF481B16E7A600F8DF44 /* Base */,
			);
			name = LaunchScreen.xib;
			sourceTree = "<group>";
		};
/* End PBXVariantGroup section */

/* Begin XCBuildConfiguration section */
		84DFAF561B16E7A600F8DF44 /* Debug */ = {
			isa = XCBuildConfiguration;
			buildSettings = {
				ALWAYS_SEARCH_USER_PATHS = NO;
				CLANG_CXX_LANGUAGE_STANDARD = "gnu++0x";
				CLANG_CXX_LIBRARY = "libc++";
				CLANG_ENABLE_MODULES = YES;
				CLANG_ENABLE_OBJC_ARC = YES;
				CLANG_WARN_BOOL_CONVERSION = YES;
				CLANG_WARN_CONSTANT_CONVERSION = YES;
				CLANG_WARN_DIRECT_OBJC_ISA_USAGE = YES_ERROR;
				CLANG_WARN_EMPTY_BODY = YES;
				CLANG_WARN_ENUM_CONVERSION = YES;
				CLANG_WARN_INT_CONVERSION = YES;
				CLANG_WARN_OBJC_ROOT_CLASS = YES_ERROR;
				CLANG_WARN_UNREACHABLE_CODE = YES;
				CLANG_WARN__DUPLICATE_METHOD_MATCH = YES;
				"CODE_SIGN_IDENTITY[sdk=iphoneos*]" = "iPhone Developer";
				COPY_PHASE_STRIP = NO;
				ENABLE_STRICT_OBJC_MSGSEND = YES;
				GCC_C_LANGUAGE_STANDARD = gnu99;
				GCC_DYNAMIC_NO_PIC = NO;
				GCC_OPTIMIZATION_LEVEL = 0;
				GCC_PREPROCESSOR_DEFINITIONS = (
					"DEBUG=1",
					"$(inherited)",
				);
				GCC_SYMBOLS_PRIVATE_EXTERN = NO;
				GCC_WARN_64_TO_32_BIT_CONVERSION = YES;
				GCC_WARN_ABOUT_RETURN_TYPE = YES_ERROR;
				GCC_WARN_UNDECLARED_SELECTOR = YES;
				GCC_WARN_UNINITIALIZED_AUTOS = YES_AGGRESSIVE;
				GCC_WARN_UNUSED_FUNCTION = YES;
				GCC_WARN_UNUSED_VARIABLE = YES;
				IPHONEOS_DEPLOYMENT_TARGET = 8.2;
				MTL_ENABLE_DEBUG_INFO = YES;
				ONLY_ACTIVE_ARCH = YES;
				SDKROOT = iphoneos;
				TARGETED_DEVICE_FAMILY = "1,2";
			};
			name = Debug;
		};
		84DFAF571B16E7A600F8DF44 /* Release */ = {
			isa = XCBuildConfiguration;
			buildSettings = {
				ALWAYS_SEARCH_USER_PATHS = NO;
				CLANG_CXX_LANGUAGE_STANDARD = "gnu++0x";
				CLANG_CXX_LIBRARY = "libc++";
				CLANG_ENABLE_MODULES = YES;
				CLANG_ENABLE_OBJC_ARC = YES;
				CLANG_WARN_BOOL_CONVERSION = YES;
				CLANG_WARN_CONSTANT_CONVERSION = YES;
				CLANG_WARN_DIRECT_OBJC_ISA_USAGE = YES_ERROR;
				CLANG_WARN_EMPTY_BODY = YES;
				CLANG_WARN_ENUM_CONVERSION = YES;
				CLANG_WARN_INT_CONVERSION = YES;
				CLANG_WARN_OBJC_ROOT_CLASS = YES_ERROR;
				CLANG_WARN_UNREACHABLE_CODE = YES;
				CLANG_WARN__DUPLICATE_METHOD_MATCH = YES;
				"CODE_SIGN_IDENTITY[sdk=iphoneos*]" = "iPhone Developer";
				COPY_PHASE_STRIP = NO;
				ENABLE_NS_ASSERTIONS = NO;
				ENABLE_STRICT_OBJC_MSGSEND = YES;
				GCC_C_LANGUAGE_STANDARD = gnu99;
				GCC_WARN_64_TO_32_BIT_CONVERSION = YES;
				GCC_WARN_ABOUT_RETURN_TYPE = YES_ERROR;
				GCC_WARN_UNDECLARED_SELECTOR = YES;
				GCC_WARN_UNINITIALIZED_AUTOS = YES_AGGRESSIVE;
				GCC_WARN_UNUSED_FUNCTION = YES;
				GCC_WARN_UNUSED_VARIABLE = YES;
				IPHONEOS_DEPLOYMENT_TARGET = 8.2;
				MTL_ENABLE_DEBUG_INFO = NO;
				SDKROOT = iphoneos;
				TARGETED_DEVICE_FAMILY = "1,2";
				VALIDATE_PRODUCT = YES;
			};
			name = Release;
		};
		84DFAF591B16E7A600F8DF44 /* Debug */ = {
			isa = XCBuildConfiguration;
			buildSettings = {
				ASSETCATALOG_COMPILER_APPICON_NAME = AppIcon;
				CODE_SIGN_IDENTITY = "iPhone Developer";
				INFOPLIST_FILE = "Out of this World/Info.plist";
				IPHONEOS_DEPLOYMENT_TARGET = 7.0;
				LD_RUNPATH_SEARCH_PATHS = "$(inherited) @executable_path/Frameworks";
				PRODUCT_NAME = "$(TARGET_NAME)";
				TARGETED_DEVICE_FAMILY = 1;
			};
			name = Debug;
		};
		84DFAF5A1B16E7A600F8DF44 /* Release */ = {
			isa = XCBuildConfiguration;
			buildSettings = {
				ASSETCATALOG_COMPILER_APPICON_NAME = AppIcon;
				CODE_SIGN_IDENTITY = "iPhone Developer";
				INFOPLIST_FILE = "Out of this World/Info.plist";
				IPHONEOS_DEPLOYMENT_TARGET = 7.0;
				LD_RUNPATH_SEARCH_PATHS = "$(inherited) @executable_path/Frameworks";
				PRODUCT_NAME = "$(TARGET_NAME)";
				TARGETED_DEVICE_FAMILY = 1;
			};
			name = Release;
		};
		84DFAF5C1B16E7A600F8DF44 /* Debug */ = {
			isa = XCBuildConfiguration;
			buildSettings = {
				BUNDLE_LOADER = "$(TEST_HOST)";
				FRAMEWORK_SEARCH_PATHS = (
					"$(SDKROOT)/Developer/Library/Frameworks",
					"$(inherited)",
				);
				GCC_PREPROCESSOR_DEFINITIONS = (
					"DEBUG=1",
					"$(inherited)",
				);
				INFOPLIST_FILE = "Out of this WorldTests/Info.plist";
				LD_RUNPATH_SEARCH_PATHS = "$(inherited) @executable_path/Frameworks @loader_path/Frameworks";
				PRODUCT_NAME = "$(TARGET_NAME)";
				TEST_HOST = "$(BUILT_PRODUCTS_DIR)/Out of this World.app/Out of this World";
			};
			name = Debug;
		};
		84DFAF5D1B16E7A600F8DF44 /* Release */ = {
			isa = XCBuildConfiguration;
			buildSettings = {
				BUNDLE_LOADER = "$(TEST_HOST)";
				FRAMEWORK_SEARCH_PATHS = (
					"$(SDKROOT)/Developer/Library/Frameworks",
					"$(inherited)",
				);
				INFOPLIST_FILE = "Out of this WorldTests/Info.plist";
				LD_RUNPATH_SEARCH_PATHS = "$(inherited) @executable_path/Frameworks @loader_path/Frameworks";
				PRODUCT_NAME = "$(TARGET_NAME)";
				TEST_HOST = "$(BUILT_PRODUCTS_DIR)/Out of this World.app/Out of this World";
			};
			name = Release;
		};
/* End XCBuildConfiguration section */

/* Begin XCConfigurationList section */
		84DFAF2D1B16E7A600F8DF44 /* Build configuration list for PBXProject "Out of this World" */ = {
			isa = XCConfigurationList;
			buildConfigurations = (
				84DFAF561B16E7A600F8DF44 /* Debug */,
				84DFAF571B16E7A600F8DF44 /* Release */,
			);
			defaultConfigurationIsVisible = 0;
			defaultConfigurationName = Release;
		};
		84DFAF581B16E7A600F8DF44 /* Build configuration list for PBXNativeTarget "Out of this World" */ = {
			isa = XCConfigurationList;
			buildConfigurations = (
				84DFAF591B16E7A600F8DF44 /* Debug */,
				84DFAF5A1B16E7A600F8DF44 /* Release */,
			);
			defaultConfigurationIsVisible = 0;
			defaultConfigurationName = Release;
		};
		84DFAF5B1B16E7A600F8DF44 /* Build configuration list for PBXNativeTarget "Out of this WorldTests" */ = {
			isa = XCConfigurationList;
			buildConfigurations = (
				84DFAF5C1B16E7A600F8DF44 /* Debug */,
				84DFAF5D1B16E7A600F8DF44 /* Release */,
			);
			defaultConfigurationIsVisible = 0;
			defaultConfigurationName = Release;
		};
/* End XCConfigurationList section */

/* Begin XCVersionGroup section */
		84DFAF3C1B16E7A600F8DF44 /* Out_of_this_World.xcdatamodeld */ = {
			isa = XCVersionGroup;
			children = (
				84DFAF3D1B16E7A600F8DF44 /* Out_of_this_World.xcdatamodel */,
			);
			currentVersion = 84DFAF3D1B16E7A600F8DF44 /* Out_of_this_World.xcdatamodel */;
			path = Out_of_this_World.xcdatamodeld;
			sourceTree = "<group>";
			versionGroupType = wrapper.xcdatamodel;
		};
/* End XCVersionGroup section */
	};
	rootObject = 84DFAF2A1B16E7A600F8DF44 /* Project object */;
}
